// !$*UTF8*$!
{
	archiveVersion = 1;
	classes = {
	};
	objectVersion = 46;
	objects = {

/* Begin PBXBuildFile section */
		52363FD51B83B35200333456 /* AppDelegate.swift in Sources */ = {isa = PBXBuildFile; fileRef = 52363FD41B83B35200333456 /* AppDelegate.swift */; };
		52363FD71B83B35200333456 /* ViewController.swift in Sources */ = {isa = PBXBuildFile; fileRef = 52363FD61B83B35200333456 /* ViewController.swift */; };
		52363FDA1B83B35200333456 /* Main.storyboard in Resources */ = {isa = PBXBuildFile; fileRef = 52363FD81B83B35200333456 /* Main.storyboard */; };
		52363FDC1B83B35200333456 /* Images.xcassets in Resources */ = {isa = PBXBuildFile; fileRef = 52363FDB1B83B35200333456 /* Images.xcassets */; };
		52363FDF1B83B35200333456 /* LaunchScreen.xib in Resources */ = {isa = PBXBuildFile; fileRef = 52363FDD1B83B35200333456 /* LaunchScreen.xib */; };
		52363FEB1B83B35300333456 /* ProgrammacticAutolayoutTextTests.swift in Sources */ = {isa = PBXBuildFile; fileRef = 52363FEA1B83B35300333456 /* ProgrammacticAutolayoutTextTests.swift */; };
/* End PBXBuildFile section */

/* Begin PBXContainerItemProxy section */
		52363FE51B83B35300333456 /* PBXContainerItemProxy */ = {
			isa = PBXContainerItemProxy;
			containerPortal = 52363FC71B83B35200333456 /* Project object */;
			proxyType = 1;
			remoteGlobalIDString = 52363FCE1B83B35200333456;
			remoteInfo = ProgrammacticAutolayoutText;
		};
/* End PBXContainerItemProxy section */

/* Begin PBXFileReference section */
		52363FCF1B83B35200333456 /* ProgrammacticAutolayoutText.app */ = {isa = PBXFileReference; explicitFileType = wrapper.application; includeInIndex = 0; path = ProgrammacticAutolayoutText.app; sourceTree = BUILT_PRODUCTS_DIR; };
		52363FD31B83B35200333456 /* Info.plist */ = {isa = PBXFileReference; lastKnownFileType = text.plist.xml; path = Info.plist; sourceTree = "<group>"; };
		52363FD41B83B35200333456 /* AppDelegate.swift */ = {isa = PBXFileReference; lastKnownFileType = sourcecode.swift; path = AppDelegate.swift; sourceTree = "<group>"; };
		52363FD61B83B35200333456 /* ViewController.swift */ = {isa = PBXFileReference; lastKnownFileType = sourcecode.swift; path = ViewController.swift; sourceTree = "<group>"; };
		52363FD91B83B35200333456 /* Base */ = {isa = PBXFileReference; lastKnownFileType = file.storyboard; name = Base; path = Base.lproj/Main.storyboard; sourceTree = "<group>"; };
		52363FDB1B83B35200333456 /* Images.xcassets */ = {isa = PBXFileReference; lastKnownFileType = folder.assetcatalog; path = Images.xcassets; sourceTree = "<group>"; };
		52363FDE1B83B35200333456 /* Base */ = {isa = PBXFileReference; lastKnownFileType = file.xib; name = Base; path = Base.lproj/LaunchScreen.xib; sourceTree = "<group>"; };
		52363FE41B83B35300333456 /* ProgrammacticAutolayoutTextTests.xctest */ = {isa = PBXFileReference; explicitFileType = wrapper.cfbundle; includeInIndex = 0; path = ProgrammacticAutolayoutTextTests.xctest; sourceTree = BUILT_PRODUCTS_DIR; };
		52363FE91B83B35300333456 /* Info.plist */ = {isa = PBXFileReference; lastKnownFileType = text.plist.xml; path = Info.plist; sourceTree = "<group>"; };
		52363FEA1B83B35300333456 /* ProgrammacticAutolayoutTextTests.swift */ = {isa = PBXFileReference; lastKnownFileType = sourcecode.swift; path = ProgrammacticAutolayoutTextTests.swift; sourceTree = "<group>"; };
/* End PBXFileReference section */

/* Begin PBXFrameworksBuildPhase section */
		52363FCC1B83B35200333456 /* Frameworks */ = {
			isa = PBXFrameworksBuildPhase;
			buildActionMask = 2147483647;
			files = (
			);
			runOnlyForDeploymentPostprocessing = 0;
		};
		52363FE11B83B35300333456 /* Frameworks */ = {
			isa = PBXFrameworksBuildPhase;
			buildActionMask = 2147483647;
			files = (
			);
			runOnlyForDeploymentPostprocessing = 0;
		};
/* End PBXFrameworksBuildPhase section */

/* Begin PBXGroup section */
		52363FC61B83B35200333456 = {
			isa = PBXGroup;
			children = (
				52363FD11B83B35200333456 /* ProgrammacticAutolayoutText */,
				52363FE71B83B35300333456 /* ProgrammacticAutolayoutTextTests */,
				52363FD01B83B35200333456 /* Products */,
			);
			sourceTree = "<group>";
		};
		52363FD01B83B35200333456 /* Products */ = {
			isa = PBXGroup;
			children = (
				52363FCF1B83B35200333456 /* ProgrammacticAutolayoutText.app */,
				52363FE41B83B35300333456 /* ProgrammacticAutolayoutTextTests.xctest */,
			);
			name = Products;
			sourceTree = "<group>";
		};
		52363FD11B83B35200333456 /* ProgrammacticAutolayoutText */ = {
			isa = PBXGroup;
			children = (
				52363FD41B83B35200333456 /* AppDelegate.swift */,
				52363FD61B83B35200333456 /* ViewController.swift */,
				52363FD81B83B35200333456 /* Main.storyboard */,
				52363FDB1B83B35200333456 /* Images.xcassets */,
				52363FDD1B83B35200333456 /* LaunchScreen.xib */,
				52363FD21B83B35200333456 /* Supporting Files */,
			);
			path = ProgrammacticAutolayoutText;
			sourceTree = "<group>";
		};
		52363FD21B83B35200333456 /* Supporting Files */ = {
			isa = PBXGroup;
			children = (
				52363FD31B83B35200333456 /* Info.plist */,
			);
			name = "Supporting Files";
			sourceTree = "<group>";
		};
		52363FE71B83B35300333456 /* ProgrammacticAutolayoutTextTests */ = {
			isa = PBXGroup;
			children = (
				52363FEA1B83B35300333456 /* ProgrammacticAutolayoutTextTests.swift */,
				52363FE81B83B35300333456 /* Supporting Files */,
			);
			path = ProgrammacticAutolayoutTextTests;
			sourceTree = "<group>";
		};
		52363FE81B83B35300333456 /* Supporting Files */ = {
			isa = PBXGroup;
			children = (
				52363FE91B83B35300333456 /* Info.plist */,
			);
			name = "Supporting Files";
			sourceTree = "<group>";
		};
/* End PBXGroup section */

/* Begin PBXNativeTarget section */
		52363FCE1B83B35200333456 /* ProgrammacticAutolayoutText */ = {
			isa = PBXNativeTarget;
			buildConfigurationList = 52363FEE1B83B35300333456 /* Build configuration list for PBXNativeTarget "ProgrammacticAutolayoutText" */;
			buildPhases = (
				52363FCB1B83B35200333456 /* Sources */,
				52363FCC1B83B35200333456 /* Frameworks */,
				52363FCD1B83B35200333456 /* Resources */,
			);
			buildRules = (
			);
			dependencies = (
			);
			name = ProgrammacticAutolayoutText;
			productName = ProgrammacticAutolayoutText;
			productReference = 52363FCF1B83B35200333456 /* ProgrammacticAutolayoutText.app */;
			productType = "com.apple.product-type.application";
		};
		52363FE31B83B35300333456 /* ProgrammacticAutolayoutTextTests */ = {
			isa = PBXNativeTarget;
			buildConfigurationList = 52363FF11B83B35300333456 /* Build configuration list for PBXNativeTarget "ProgrammacticAutolayoutTextTests" */;
			buildPhases = (
				52363FE01B83B35300333456 /* Sources */,
				52363FE11B83B35300333456 /* Frameworks */,
				52363FE21B83B35300333456 /* Resources */,
			);
			buildRules = (
			);
			dependencies = (
				52363FE61B83B35300333456 /* PBXTargetDependency */,
			);
			name = ProgrammacticAutolayoutTextTests;
			productName = ProgrammacticAutolayoutTextTests;
			productReference = 52363FE41B83B35300333456 /* ProgrammacticAutolayoutTextTests.xctest */;
			productType = "com.apple.product-type.bundle.unit-test";
		};
/* End PBXNativeTarget section */

/* Begin PBXProject section */
		52363FC71B83B35200333456 /* Project object */ = {
			isa = PBXProject;
			attributes = {
				LastSwiftUpdateCheck = 0710;
				LastUpgradeCheck = 0640;
				ORGANIZATIONNAME = "Trieu Nguyen";
				TargetAttributes = {
					52363FCE1B83B35200333456 = {
						CreatedOnToolsVersion = 6.4;
					};
					52363FE31B83B35300333456 = {
						CreatedOnToolsVersion = 6.4;
						TestTargetID = 52363FCE1B83B35200333456;
					};
				};
			};
			buildConfigurationList = 52363FCA1B83B35200333456 /* Build configuration list for PBXProject "ProgrammacticAutolayoutText" */;
			compatibilityVersion = "Xcode 3.2";
			developmentRegion = English;
			hasScannedForEncodings = 0;
			knownRegions = (
				en,
				Base,
			);
			mainGroup = 52363FC61B83B35200333456;
			productRefGroup = 52363FD01B83B35200333456 /* Products */;
			projectDirPath = "";
			projectRoot = "";
			targets = (
				52363FCE1B83B35200333456 /* ProgrammacticAutolayoutText */,
				52363FE31B83B35300333456 /* ProgrammacticAutolayoutTextTests */,
			);
		};
/* End PBXProject section */

/* Begin PBXResourcesBuildPhase section */
		52363FCD1B83B35200333456 /* Resources */ = {
			isa = PBXResourcesBuildPhase;
			buildActionMask = 2147483647;
			files = (
				52363FDA1B83B35200333456 /* Main.storyboard in Resources */,
				52363FDF1B83B35200333456 /* LaunchScreen.xib in Resources */,
				52363FDC1B83B35200333456 /* Images.xcassets in Resources */,
			);
			runOnlyForDeploymentPostprocessing = 0;
		};
		52363FE21B83B35300333456 /* Resources */ = {
			isa = PBXResourcesBuildPhase;
			buildActionMask = 2147483647;
			files = (
			);
			runOnlyForDeploymentPostprocessing = 0;
		};
/* End PBXResourcesBuildPhase section */

/* Begin PBXSourcesBuildPhase section */
		52363FCB1B83B35200333456 /* Sources */ = {
			isa = PBXSourcesBuildPhase;
			buildActionMask = 2147483647;
			files = (
				52363FD71B83B35200333456 /* ViewController.swift in Sources */,
				52363FD51B83B35200333456 /* AppDelegate.swift in Sources */,
			);
			runOnlyForDeploymentPostprocessing = 0;
		};
		52363FE01B83B35300333456 /* Sources */ = {
			isa = PBXSourcesBuildPhase;
			buildActionMask = 2147483647;
			files = (
				52363FEB1B83B35300333456 /* ProgrammacticAutolayoutTextTests.swift in Sources */,
			);
			runOnlyForDeploymentPostprocessing = 0;
		};
/* End PBXSourcesBuildPhase section */

/* Begin PBXTargetDependency section */
		52363FE61B83B35300333456 /* PBXTargetDependency */ = {
			isa = PBXTargetDependency;
			target = 52363FCE1B83B35200333456 /* ProgrammacticAutolayoutText */;
			targetProxy = 52363FE51B83B35300333456 /* PBXContainerItemProxy */;
		};
/* End PBXTargetDependency section */

/* Begin PBXVariantGroup section */
		52363FD81B83B35200333456 /* Main.storyboard */ = {
			isa = PBXVariantGroup;
			children = (
				52363FD91B83B35200333456 /* Base */,
			);
			name = Main.storyboard;
			sourceTree = "<group>";
		};
		52363FDD1B83B35200333456 /* LaunchScreen.xib */ = {
			isa = PBXVariantGroup;
			children = (
				52363FDE1B83B35200333456 /* Base */,
			);
			name = LaunchScreen.xib;
			sourceTree = "<group>";
		};
/* End PBXVariantGroup section */

/* Begin XCBuildConfiguration section */
		52363FEC1B83B35300333456 /* Debug */ = {
			isa = XCBuildConfiguration;
			buildSettings = {
				ALWAYS_SEARCH_USER_PATHS = NO;
				CLANG_CXX_LANGUAGE_STANDARD = "gnu++0x";
				CLANG_CXX_LIBRARY = "libc++";
				CLANG_ENABLE_MODULES = YES;
				CLANG_ENABLE_OBJC_ARC = YES;
				CLANG_WARN_BOOL_CONVERSION = YES;
				CLANG_WARN_CONSTANT_CONVERSION = YES;
				CLANG_WARN_DIRECT_OBJC_ISA_USAGE = YES_ERROR;
				CLANG_WARN_EMPTY_BODY = YES;
				CLANG_WARN_ENUM_CONVERSION = YES;
				CLANG_WARN_INT_CONVERSION = YES;
				CLANG_WARN_OBJC_ROOT_CLASS = YES_ERROR;
				CLANG_WARN_UNREACHABLE_CODE = YES;
				CLANG_WARN__DUPLICATE_METHOD_MATCH = YES;
				"CODE_SIGN_IDENTITY[sdk=iphoneos*]" = "iPhone Developer";
				COPY_PHASE_STRIP = NO;
				DEBUG_INFORMATION_FORMAT = "dwarf-with-dsym";
				ENABLE_STRICT_OBJC_MSGSEND = YES;
				GCC_C_LANGUAGE_STANDARD = gnu99;
				GCC_DYNAMIC_NO_PIC = NO;
				GCC_NO_COMMON_BLOCKS = YES;
				GCC_OPTIMIZATION_LEVEL = 0;
				GCC_PREPROCESSOR_DEFINITIONS = (
					"DEBUG=1",
					"$(inherited)",
				);
				GCC_SYMBOLS_PRIVATE_EXTERN = NO;
				GCC_WARN_64_TO_32_BIT_CONVERSION = YES;
				GCC_WARN_ABOUT_RETURN_TYPE = YES_ERROR;
				GCC_WARN_UNDECLARED_SELECTOR = YES;
				GCC_WARN_UNINITIALIZED_AUTOS = YES_AGGRESSIVE;
				GCC_WARN_UNUSED_FUNCTION = YES;
				GCC_WARN_UNUSED_VARIABLE = YES;
				IPHONEOS_DEPLOYMENT_TARGET = 8.4;
				MTL_ENABLE_DEBUG_INFO = YES;
				ONLY_ACTIVE_ARCH = YES;
				SDKROOT = iphoneos;
				SWIFT_OPTIMIZATION_LEVEL = "-Onone";
			};
			name = Debug;
		};
		52363FED1B83B35300333456 /* Release */ = {
			isa = XCBuildConfiguration;
			buildSettings = {
				ALWAYS_SEARCH_USER_PATHS = NO;
				CLANG_CXX_LANGUAGE_STANDARD = "gnu++0x";
				CLANG_CXX_LIBRARY = "libc++";
				CLANG_ENABLE_MODULES = YES;
				CLANG_ENABLE_OBJC_ARC = YES;
				CLANG_WARN_BOOL_CONVERSION = YES;
				CLANG_WARN_CONSTANT_CONVERSION = YES;
				CLANG_WARN_DIRECT_OBJC_ISA_USAGE = YES_ERROR;
				CLANG_WARN_EMPTY_BODY = YES;
				CLANG_WARN_ENUM_CONVERSION = YES;
				CLANG_WARN_INT_CONVERSION = YES;
				CLANG_WARN_OBJC_ROOT_CLASS = YES_ERROR;
				CLANG_WARN_UNREACHABLE_CODE = YES;
				CLANG_WARN__DUPLICATE_METHOD_MATCH = YES;
				"CODE_SIGN_IDENTITY[sdk=iphoneos*]" = "iPhone Developer";
				COPY_PHASE_STRIP = NO;
				DEBUG_INFORMATION_FORMAT = "dwarf-with-dsym";
				ENABLE_NS_ASSERTIONS = NO;
				ENABLE_STRICT_OBJC_MSGSEND = YES;
				GCC_C_LANGUAGE_STANDARD = gnu99;
				GCC_NO_COMMON_BLOCKS = YES;
				GCC_WARN_64_TO_32_BIT_CONVERSION = YES;
				GCC_WARN_ABOUT_RETURN_TYPE = YES_ERROR;
				GCC_WARN_UNDECLARED_SELECTOR = YES;
				GCC_WARN_UNINITIALIZED_AUTOS = YES_AGGRESSIVE;
				GCC_WARN_UNUSED_FUNCTION = YES;
				GCC_WARN_UNUSED_VARIABLE = YES;
				IPHONEOS_DEPLOYMENT_TARGET = 8.4;
				MTL_ENABLE_DEBUG_INFO = NO;
				SDKROOT = iphoneos;
				VALIDATE_PRODUCT = YES;
			};
			name = Release;
		};
		52363FEF1B83B35300333456 /* Debug */ = {
			isa = XCBuildConfiguration;
			buildSettings = {
				ASSETCATALOG_COMPILER_APPICON_NAME = AppIcon;
				INFOPLIST_FILE = ProgrammacticAutolayoutText/Info.plist;
				LD_RUNPATH_SEARCH_PATHS = "$(inherited) @executable_path/Frameworks";
				PRODUCT_NAME = "$(TARGET_NAME)";
			};
			name = Debug;
		};
		52363FF01B83B35300333456 /* Release */ = {
			isa = XCBuildConfiguration;
			buildSettings = {
				ASSETCATALOG_COMPILER_APPICON_NAME = AppIcon;
				INFOPLIST_FILE = ProgrammacticAutolayoutText/Info.plist;
				LD_RUNPATH_SEARCH_PATHS = "$(inherited) @executable_path/Frameworks";
				PRODUCT_NAME = "$(TARGET_NAME)";
			};
			name = Release;
		};
		52363FF21B83B35300333456 /* Debug */ = {
			isa = XCBuildConfiguration;
			buildSettings = {
				BUNDLE_LOADER = "$(TEST_HOST)";
				FRAMEWORK_SEARCH_PATHS = (
					"$(SDKROOT)/Developer/Library/Frameworks",
					"$(inherited)",
				);
				GCC_PREPROCESSOR_DEFINITIONS = (
					"DEBUG=1",
					"$(inherited)",
				);
				INFOPLIST_FILE = ProgrammacticAutolayoutTextTests/Info.plist;
				LD_RUNPATH_SEARCH_PATHS = "$(inherited) @executable_path/Frameworks @loader_path/Frameworks";
				PRODUCT_NAME = "$(TARGET_NAME)";
				TEST_HOST = "$(BUILT_PRODUCTS_DIR)/ProgrammacticAutolayoutText.app/ProgrammacticAutolayoutText";
			};
			name = Debug;
		};
		52363FF31B83B35300333456 /* Release */ = {
			isa = XCBuildConfiguration;
			buildSettings = {
				BUNDLE_LOADER = "$(TEST_HOST)";
				FRAMEWORK_SEARCH_PATHS = (
					"$(SDKROOT)/Developer/Library/Frameworks",
					"$(inherited)",
				);
				INFOPLIST_FILE = ProgrammacticAutolayoutTextTests/Info.plist;
				LD_RUNPATH_SEARCH_PATHS = "$(inherited) @executable_path/Frameworks @loader_path/Frameworks";
				PRODUCT_NAME = "$(TARGET_NAME)";
				TEST_HOST = "$(BUILT_PRODUCTS_DIR)/ProgrammacticAutolayoutText.app/ProgrammacticAutolayoutText";
			};
			name = Release;
		};
/* End XCBuildConfiguration section */

/* Begin XCConfigurationList section */
		52363FCA1B83B35200333456 /* Build configuration list for PBXProject "ProgrammacticAutolayoutText" */ = {
			isa = XCConfigurationList;
			buildConfigurations = (
				52363FEC1B83B35300333456 /* Debug */,
				52363FED1B83B35300333456 /* Release */,
			);
			defaultConfigurationIsVisible = 0;
			defaultConfigurationName = Release;
		};
		52363FEE1B83B35300333456 /* Build configuration list for PBXNativeTarget "ProgrammacticAutolayoutText" */ = {
			isa = XCConfigurationList;
			buildConfigurations = (
				52363FEF1B83B35300333456 /* Debug */,
				52363FF01B83B35300333456 /* Release */,
			);
			defaultConfigurationIsVisible = 0;
			defaultConfigurationName = Release;
		};
		52363FF11B83B35300333456 /* Build configuration list for PBXNativeTarget "ProgrammacticAutolayoutTextTests" */ = {
			isa = XCConfigurationList;
			buildConfigurations = (
				52363FF21B83B35300333456 /* Debug */,
				52363FF31B83B35300333456 /* Release */,
			);
			defaultConfigurationIsVisible = 0;
			defaultConfigurationName = Release;
		};
/* End XCConfigurationList section */
	};
	rootObject = 52363FC71B83B35200333456 /* Project object */;
}
